{
  "name": "asp.net",
  "version": "1.0.0",
  "lockfileVersion": 3,
  "requires": true,
  "packages": {
    "": {
      "name": "asp.net",
      "version": "1.0.0",
      "devDependencies": {
        "@syncfusion/ej2-js-es5": "^26.1.35"
      }
    },
    "node_modules/@syncfusion/ej2-js-es5": {
      "version": "26.1.35",
      "resolved": "https://registry.npmjs.org/@syncfusion/ej2-js-es5/-/ej2-js-es5-26.1.35.tgz",
      "integrity": "sha512-Ma1ulbi/UBkRzzCcH2MCTRQMKzXr+3xXD49QZ3EwQYi8V2VJMnn8e8zAEQm8p7SaWFvxUsWtIbMwAgCMmneSjg==",
      "dev": true
    }
  }
}
